
Microsoft Visual Studio Solution File, Format Version 12.00
# Visual Studio Version 17
VisualStudioVersion = 17.3.32929.385
MinimumVisualStudioVersion = 10.0.40219.1
Project("{FAE04EC0-301F-11D3-BF4B-00C04F79EFBC}") = "WPF_LibraryApplication", "WPF_LibraryApplication\WPF_LibraryApplication.csproj", "{4560CB39-9E20-4D0F-9B83-43D6FACBFD48}"
EndProject
Global
	GlobalSection(SolutionConfigurationPlatforms) = preSolution
		Debug|Any CPU = Debug|Any CPU
		Release|Any CPU = Release|Any CPU
	EndGlobalSection
	GlobalSection(ProjectConfigurationPlatforms) = postSolution
		{4560CB39-9E20-4D0F-9B83-43D6FACBFD48}.Debug|Any CPU.ActiveCfg = Debug|Any CPU
		{4560CB39-9E20-4D0F-9B83-43D6FACBFD48}.Debug|Any CPU.Build.0 = Debug|Any CPU
		{4560CB39-9E20-4D0F-9B83-43D6FACBFD48}.Release|Any CPU.ActiveCfg = Release|Any CPU
		{4560CB39-9E20-4D0F-9B83-43D6FACBFD48}.Release|Any CPU.Build.0 = Release|Any CPU
	EndGlobalSection
	GlobalSection(SolutionProperties) = preSolution
		HideSolutionNode = FALSE
	EndGlobalSection
	GlobalSection(ExtensibilityGlobals) = postSolution
		SolutionGuid = {E63267E3-0D5B-4590-8B8F-94009707CAC0}
	EndGlobalSection
EndGlobal
